
Microsoft Visual Studio Solution File, Format Version 11.00
# Visual Studio 2010
Project("{FAE04EC0-301F-11D3-BF4B-00C04F79EFBC}") = "Assembly-CSharp", "Assembly-CSharp.csproj", "{77168E2F-0E36-F658-F2C4-312BB7CE4ABD}"
EndProject
Project("{FAE04EC0-301F-11D3-BF4B-00C04F79EFBC}") = "Assembly-CSharp-firstpass", "Assembly-CSharp-firstpass.csproj", "{D37B7A28-B1DB-5786-4716-658CD52B129D}"
EndProject
Project("{FAE04EC0-301F-11D3-BF4B-00C04F79EFBC}") = "Assembly-CSharp-Editor-firstpass", "Assembly-CSharp-Editor-firstpass.csproj", "{63440B04-470E-4BCB-D75A-08B70BE2E36A}"
EndProject
Global
	GlobalSection(SolutionConfigurationPlatforms) = preSolution
		Debug|Any CPU = Debug|Any CPU
		Release|Any CPU = Release|Any CPU
	EndGlobalSection
	GlobalSection(ProjectConfigurationPlatforms) = postSolution
		{77168E2F-0E36-F658-F2C4-312BB7CE4ABD}.Debug|Any CPU.ActiveCfg = Debug|Any CPU
		{77168E2F-0E36-F658-F2C4-312BB7CE4ABD}.Debug|Any CPU.Build.0 = Debug|Any CPU
		{77168E2F-0E36-F658-F2C4-312BB7CE4ABD}.Release|Any CPU.ActiveCfg = Release|Any CPU
		{77168E2F-0E36-F658-F2C4-312BB7CE4ABD}.Release|Any CPU.Build.0 = Release|Any CPU
		{D37B7A28-B1DB-5786-4716-658CD52B129D}.Debug|Any CPU.ActiveCfg = Debug|Any CPU
		{D37B7A28-B1DB-5786-4716-658CD52B129D}.Debug|Any CPU.Build.0 = Debug|Any CPU
		{D37B7A28-B1DB-5786-4716-658CD52B129D}.Release|Any CPU.ActiveCfg = Release|Any CPU
		{D37B7A28-B1DB-5786-4716-658CD52B129D}.Release|Any CPU.Build.0 = Release|Any CPU
		{63440B04-470E-4BCB-D75A-08B70BE2E36A}.Debug|Any CPU.ActiveCfg = Debug|Any CPU
		{63440B04-470E-4BCB-D75A-08B70BE2E36A}.Debug|Any CPU.Build.0 = Debug|Any CPU
		{63440B04-470E-4BCB-D75A-08B70BE2E36A}.Release|Any CPU.ActiveCfg = Release|Any CPU
		{63440B04-470E-4BCB-D75A-08B70BE2E36A}.Release|Any CPU.Build.0 = Release|Any CPU
	EndGlobalSection
	GlobalSection(SolutionProperties) = preSolution
		HideSolutionNode = FALSE
	EndGlobalSection
	GlobalSection(MonoDevelopProperties) = preSolution
		StartupItem = Assembly-CSharp.csproj
	EndGlobalSection
EndGlobal
